
Microsoft Visual Studio Solution File, Format Version 12.00
# Visual Studio 15
VisualStudioVersion = 15.0.27130.2024
MinimumVisualStudioVersion = 10.0.40219.1
Project("{9A19103F-16F7-4668-BE54-9A1E7A4F7556}") = "run", "run\run.csproj", "{68D1763F-1AC4-4EF5-92CF-0D80C1279375}"
EndProject
Project("{FAE04EC0-301F-11D3-BF4B-00C04F79EFBC}") = "test", "test\test.csproj", "{FB4D03E4-7BDE-4F35-9F15-48DF3BDE3FAF}"
EndProject
Project("{9A19103F-16F7-4668-BE54-9A1E7A4F7556}") = "src", "src\src.csproj", "{B5FF42E2-A9A7-471E-A059-ECD699300CA7}"
EndProject
Global
	GlobalSection(SolutionConfigurationPlatforms) = preSolution
		Debug|Any CPU = Debug|Any CPU
		Release|Any CPU = Release|Any CPU
	EndGlobalSection
	GlobalSection(ProjectConfigurationPlatforms) = postSolution
		{68D1763F-1AC4-4EF5-92CF-0D80C1279375}.Debug|Any CPU.ActiveCfg = Debug|Any CPU
		{68D1763F-1AC4-4EF5-92CF-0D80C1279375}.Debug|Any CPU.Build.0 = Debug|Any CPU
		{68D1763F-1AC4-4EF5-92CF-0D80C1279375}.Release|Any CPU.ActiveCfg = Release|Any CPU
		{68D1763F-1AC4-4EF5-92CF-0D80C1279375}.Release|Any CPU.Build.0 = Release|Any CPU
		{FB4D03E4-7BDE-4F35-9F15-48DF3BDE3FAF}.Debug|Any CPU.ActiveCfg = Debug|Any CPU
		{FB4D03E4-7BDE-4F35-9F15-48DF3BDE3FAF}.Debug|Any CPU.Build.0 = Debug|Any CPU
		{FB4D03E4-7BDE-4F35-9F15-48DF3BDE3FAF}.Release|Any CPU.ActiveCfg = Release|Any CPU
		{FB4D03E4-7BDE-4F35-9F15-48DF3BDE3FAF}.Release|Any CPU.Build.0 = Release|Any CPU
		{B5FF42E2-A9A7-471E-A059-ECD699300CA7}.Debug|Any CPU.ActiveCfg = Debug|Any CPU
		{B5FF42E2-A9A7-471E-A059-ECD699300CA7}.Debug|Any CPU.Build.0 = Debug|Any CPU
		{B5FF42E2-A9A7-471E-A059-ECD699300CA7}.Release|Any CPU.ActiveCfg = Release|Any CPU
		{B5FF42E2-A9A7-471E-A059-ECD699300CA7}.Release|Any CPU.Build.0 = Release|Any CPU
	EndGlobalSection
	GlobalSection(SolutionProperties) = preSolution
		HideSolutionNode = FALSE
	EndGlobalSection
	GlobalSection(ExtensibilityGlobals) = postSolution
		SolutionGuid = {09CC5908-948F-4A20-9F57-75A0ABC848CD}
	EndGlobalSection
EndGlobal
